
Microsoft Visual Studio Solution File, Format Version 12.00
# Visual Studio Version 16
VisualStudioVersion = 16.0.35931.194
MinimumVisualStudioVersion = 10.0.40219.1
Project("{8BC9CEB8-8B4A-11D0-8D11-00A0C91BC942}") = "todesk_get_passwd", "todesk_get_passwd\todesk_get_passwd.vcxproj", "{85103B96-04C1-43BD-8015-E0F3391A0955}"
EndProject
Global
	GlobalSection(SolutionConfigurationPlatforms) = preSolution
		Debug|x64 = Debug|x64
		Debug|x86 = Debug|x86
		Release|x64 = Release|x64
		Release|x86 = Release|x86
	EndGlobalSection
	GlobalSection(ProjectConfigurationPlatforms) = postSolution
		{85103B96-04C1-43BD-8015-E0F3391A0955}.Debug|x64.ActiveCfg = Debug|x64
		{85103B96-04C1-43BD-8015-E0F3391A0955}.Debug|x64.Build.0 = Debug|x64
		{85103B96-04C1-43BD-8015-E0F3391A0955}.Debug|x86.ActiveCfg = Debug|Win32
		{85103B96-04C1-43BD-8015-E0F3391A0955}.Debug|x86.Build.0 = Debug|Win32
		{85103B96-04C1-43BD-8015-E0F3391A0955}.Release|x64.ActiveCfg = Release|x64
		{85103B96-04C1-43BD-8015-E0F3391A0955}.Release|x64.Build.0 = Release|x64
		{85103B96-04C1-43BD-8015-E0F3391A0955}.Release|x86.ActiveCfg = Release|Win32
		{85103B96-04C1-43BD-8015-E0F3391A0955}.Release|x86.Build.0 = Release|Win32
	EndGlobalSection
	GlobalSection(SolutionProperties) = preSolution
		HideSolutionNode = FALSE
	EndGlobalSection
	GlobalSection(ExtensibilityGlobals) = postSolution
		SolutionGuid = {D2B9042B-8404-448A-AFA9-133D0C1F5765}
	EndGlobalSection
EndGlobal
